
Microsoft Visual Studio Solution File, Format Version 12.00
# Visual Studio Version 16
VisualStudioVersion = 16.0.809.6
MinimumVisualStudioVersion = 10.0.40219.1
Project("{FAE04EC0-301F-11D3-BF4B-00C04F79EFBC}") = "TRAC", "TRAC\TRAC.csproj", "{26A60D33-6CEF-49F6-A7C9-B0826843C8C7}"
EndProject
Global
	GlobalSection(SolutionConfigurationPlatforms) = preSolution
		Debug|Any CPU = Debug|Any CPU
		Release|Any CPU = Release|Any CPU
	EndGlobalSection
	GlobalSection(ProjectConfigurationPlatforms) = postSolution
		{26A60D33-6CEF-49F6-A7C9-B0826843C8C7}.Debug|Any CPU.ActiveCfg = Debug|Any CPU
		{26A60D33-6CEF-49F6-A7C9-B0826843C8C7}.Debug|Any CPU.Build.0 = Debug|Any CPU
		{26A60D33-6CEF-49F6-A7C9-B0826843C8C7}.Release|Any CPU.ActiveCfg = Release|Any CPU
		{26A60D33-6CEF-49F6-A7C9-B0826843C8C7}.Release|Any CPU.Build.0 = Release|Any CPU
	EndGlobalSection
	GlobalSection(SolutionProperties) = preSolution
		HideSolutionNode = FALSE
	EndGlobalSection
	GlobalSection(ExtensibilityGlobals) = postSolution
		SolutionGuid = {0B8414BF-76B1-44FF-BB1D-92FF8A636610}
	EndGlobalSection
EndGlobal
