
Microsoft Visual Studio Solution File, Format Version 12.00
# Visual Studio Version 16
VisualStudioVersion = 16.0.809.6
MinimumVisualStudioVersion = 10.0.40219.1
Project("{FAE04EC0-301F-11D3-BF4B-00C04F79EFBC}") = "TRAC", "TRAC\TRAC.csproj", "{26A60D33-6CEF-49F6-A7C9-B0826843C8C7}"
EndProject
Project("{FAE04EC0-301F-11D3-BF4B-00C04F79EFBC}") = "TRAC.Model", "TRAC.Model\TRAC.Model.csproj", "{BA1824C8-091C-48A5-9A1F-1EE24DE0C473}"
EndProject
Project("{FAE04EC0-301F-11D3-BF4B-00C04F79EFBC}") = "TRAC.Common", "TRAC.Common\TRAC.Common.csproj", "{606379CF-4FCF-4900-B957-0855FF2D8830}"
EndProject
Project("{FAE04EC0-301F-11D3-BF4B-00C04F79EFBC}") = "TRAC.Business", "TRAC.Business\TRAC.Business.csproj", "{ABCEE743-C059-4C6A-A304-0D4AA45B0CAF}"
EndProject
Project("{FAE04EC0-301F-11D3-BF4B-00C04F79EFBC}") = "TRAC.DataAccess", "TRAC.DataAccess\TRAC.DataAccess.csproj", "{E98ED613-16E8-4544-9014-38B72A34A9CB}"
EndProject
Global
	GlobalSection(SolutionConfigurationPlatforms) = preSolution
		Debug|Any CPU = Debug|Any CPU
		Release|Any CPU = Release|Any CPU
	EndGlobalSection
	GlobalSection(ProjectConfigurationPlatforms) = postSolution
		{26A60D33-6CEF-49F6-A7C9-B0826843C8C7}.Debug|Any CPU.ActiveCfg = Debug|Any CPU
		{26A60D33-6CEF-49F6-A7C9-B0826843C8C7}.Debug|Any CPU.Build.0 = Debug|Any CPU
		{26A60D33-6CEF-49F6-A7C9-B0826843C8C7}.Release|Any CPU.ActiveCfg = Release|Any CPU
		{26A60D33-6CEF-49F6-A7C9-B0826843C8C7}.Release|Any CPU.Build.0 = Release|Any CPU
		{BA1824C8-091C-48A5-9A1F-1EE24DE0C473}.Debug|Any CPU.ActiveCfg = Debug|Any CPU
		{BA1824C8-091C-48A5-9A1F-1EE24DE0C473}.Debug|Any CPU.Build.0 = Debug|Any CPU
		{BA1824C8-091C-48A5-9A1F-1EE24DE0C473}.Release|Any CPU.ActiveCfg = Release|Any CPU
		{BA1824C8-091C-48A5-9A1F-1EE24DE0C473}.Release|Any CPU.Build.0 = Release|Any CPU
		{606379CF-4FCF-4900-B957-0855FF2D8830}.Debug|Any CPU.ActiveCfg = Debug|Any CPU
		{606379CF-4FCF-4900-B957-0855FF2D8830}.Debug|Any CPU.Build.0 = Debug|Any CPU
		{606379CF-4FCF-4900-B957-0855FF2D8830}.Release|Any CPU.ActiveCfg = Release|Any CPU
		{606379CF-4FCF-4900-B957-0855FF2D8830}.Release|Any CPU.Build.0 = Release|Any CPU
		{ABCEE743-C059-4C6A-A304-0D4AA45B0CAF}.Debug|Any CPU.ActiveCfg = Debug|Any CPU
		{ABCEE743-C059-4C6A-A304-0D4AA45B0CAF}.Debug|Any CPU.Build.0 = Debug|Any CPU
		{ABCEE743-C059-4C6A-A304-0D4AA45B0CAF}.Release|Any CPU.ActiveCfg = Release|Any CPU
		{ABCEE743-C059-4C6A-A304-0D4AA45B0CAF}.Release|Any CPU.Build.0 = Release|Any CPU
		{E98ED613-16E8-4544-9014-38B72A34A9CB}.Debug|Any CPU.ActiveCfg = Debug|Any CPU
		{E98ED613-16E8-4544-9014-38B72A34A9CB}.Debug|Any CPU.Build.0 = Debug|Any CPU
		{E98ED613-16E8-4544-9014-38B72A34A9CB}.Release|Any CPU.ActiveCfg = Release|Any CPU
		{E98ED613-16E8-4544-9014-38B72A34A9CB}.Release|Any CPU.Build.0 = Release|Any CPU
	EndGlobalSection
	GlobalSection(SolutionProperties) = preSolution
		HideSolutionNode = FALSE
	EndGlobalSection
	GlobalSection(ExtensibilityGlobals) = postSolution
		SolutionGuid = {0B8414BF-76B1-44FF-BB1D-92FF8A636610}
	EndGlobalSection
EndGlobal
